
Microsoft Visual Studio Solution File, Format Version 12.00
# Visual Studio 15
VisualStudioVersion = 15.0.27130.2027
MinimumVisualStudioVersion = 10.0.40219.1
Project("{9A19103F-16F7-4668-BE54-9A1E7A4F7556}") = "EventPlanning.Service", "EventPlanning.service\EventPlanning.Service.csproj", "{745E8028-D9DA-4603-B707-8D5D32CB6B0D}"
EndProject
Project("{9A19103F-16F7-4668-BE54-9A1E7A4F7556}") = "EventPlanning.DAL", "EventPlanning.DAL\EventPlanning.DAL.csproj", "{4E7F83A7-0AD7-48F9-99E1-895471A91750}"
EndProject
Project("{9A19103F-16F7-4668-BE54-9A1E7A4F7556}") = "EventPlanning.BL", "EventPlanning.BL\EventPlanning.BL.csproj", "{B33BD18B-2D79-443D-8E3A-AC5F74223DF1}"
EndProject
Project("{9A19103F-16F7-4668-BE54-9A1E7A4F7556}") = "EventPlanning.Model", "EventPlanning.DTO\EventPlanning.Model.csproj", "{C56936D2-D293-42DA-8709-6D84998EC991}"
EndProject
Project("{9A19103F-16F7-4668-BE54-9A1E7A4F7556}") = "EventPlanning.BL.Tests", "EventPlaning.BL.Tests\EventPlanning.BL.Tests.csproj", "{C1F9EB34-DE63-4DFE-BF73-AFBA96ED0DC5}"
EndProject
Project("{9A19103F-16F7-4668-BE54-9A1E7A4F7556}") = "UserManagement.Service", "UserManagement.Service\UserManagement.Service.csproj", "{A2BA29DA-63F0-4BC2-BF49-09E4863CBF8B}"
EndProject
Project("{9A19103F-16F7-4668-BE54-9A1E7A4F7556}") = "UserManagement.DAL", "UserManagement.DAL\UserManagement.DAL.csproj", "{D7B1FAF4-008A-4F75-8FB0-948FE4EC3784}"
EndProject
Project("{9A19103F-16F7-4668-BE54-9A1E7A4F7556}") = "UserManagement.BL", "UserManagement.BL\UserManagement.BL.csproj", "{122D1B0C-72D1-40CC-82AE-642830D29C00}"
EndProject
Project("{9A19103F-16F7-4668-BE54-9A1E7A4F7556}") = "UserManagement.Model", "Model\UserManagement.Model.csproj", "{031F7CA3-7530-402D-B2A6-5DC54839BD42}"
EndProject
Project("{9A19103F-16F7-4668-BE54-9A1E7A4F7556}") = "UserManagement.BL.Tests", "UserManagement.BL.Tests\UserManagement.BL.Tests.csproj", "{8643D7A9-5D9B-4F42-82E9-1761BBDF32B9}"
EndProject
Project("{FAE04EC0-301F-11D3-BF4B-00C04F79EFBC}") = "UserManagement.DTO", "UserManagement.DTO\UserManagement.DTO.csproj", "{E6F13242-4DF5-45DE-96A9-46CAE16C2D63}"
EndProject
Global
	GlobalSection(SolutionConfigurationPlatforms) = preSolution
		Debug|Any CPU = Debug|Any CPU
		Release|Any CPU = Release|Any CPU
	EndGlobalSection
	GlobalSection(ProjectConfigurationPlatforms) = postSolution
		{745E8028-D9DA-4603-B707-8D5D32CB6B0D}.Debug|Any CPU.ActiveCfg = Debug|Any CPU
		{745E8028-D9DA-4603-B707-8D5D32CB6B0D}.Debug|Any CPU.Build.0 = Debug|Any CPU
		{745E8028-D9DA-4603-B707-8D5D32CB6B0D}.Release|Any CPU.ActiveCfg = Release|Any CPU
		{745E8028-D9DA-4603-B707-8D5D32CB6B0D}.Release|Any CPU.Build.0 = Release|Any CPU
		{4E7F83A7-0AD7-48F9-99E1-895471A91750}.Debug|Any CPU.ActiveCfg = Debug|Any CPU
		{4E7F83A7-0AD7-48F9-99E1-895471A91750}.Debug|Any CPU.Build.0 = Debug|Any CPU
		{4E7F83A7-0AD7-48F9-99E1-895471A91750}.Release|Any CPU.ActiveCfg = Release|Any CPU
		{4E7F83A7-0AD7-48F9-99E1-895471A91750}.Release|Any CPU.Build.0 = Release|Any CPU
		{B33BD18B-2D79-443D-8E3A-AC5F74223DF1}.Debug|Any CPU.ActiveCfg = Debug|Any CPU
		{B33BD18B-2D79-443D-8E3A-AC5F74223DF1}.Debug|Any CPU.Build.0 = Debug|Any CPU
		{B33BD18B-2D79-443D-8E3A-AC5F74223DF1}.Release|Any CPU.ActiveCfg = Release|Any CPU
		{B33BD18B-2D79-443D-8E3A-AC5F74223DF1}.Release|Any CPU.Build.0 = Release|Any CPU
		{C56936D2-D293-42DA-8709-6D84998EC991}.Debug|Any CPU.ActiveCfg = Debug|Any CPU
		{C56936D2-D293-42DA-8709-6D84998EC991}.Debug|Any CPU.Build.0 = Debug|Any CPU
		{C56936D2-D293-42DA-8709-6D84998EC991}.Release|Any CPU.ActiveCfg = Release|Any CPU
		{C56936D2-D293-42DA-8709-6D84998EC991}.Release|Any CPU.Build.0 = Release|Any CPU
		{C1F9EB34-DE63-4DFE-BF73-AFBA96ED0DC5}.Debug|Any CPU.ActiveCfg = Debug|Any CPU
		{C1F9EB34-DE63-4DFE-BF73-AFBA96ED0DC5}.Debug|Any CPU.Build.0 = Debug|Any CPU
		{C1F9EB34-DE63-4DFE-BF73-AFBA96ED0DC5}.Release|Any CPU.ActiveCfg = Release|Any CPU
		{C1F9EB34-DE63-4DFE-BF73-AFBA96ED0DC5}.Release|Any CPU.Build.0 = Release|Any CPU
		{A2BA29DA-63F0-4BC2-BF49-09E4863CBF8B}.Debug|Any CPU.ActiveCfg = Debug|Any CPU
		{A2BA29DA-63F0-4BC2-BF49-09E4863CBF8B}.Debug|Any CPU.Build.0 = Debug|Any CPU
		{A2BA29DA-63F0-4BC2-BF49-09E4863CBF8B}.Release|Any CPU.ActiveCfg = Release|Any CPU
		{A2BA29DA-63F0-4BC2-BF49-09E4863CBF8B}.Release|Any CPU.Build.0 = Release|Any CPU
		{D7B1FAF4-008A-4F75-8FB0-948FE4EC3784}.Debug|Any CPU.ActiveCfg = Debug|Any CPU
		{D7B1FAF4-008A-4F75-8FB0-948FE4EC3784}.Debug|Any CPU.Build.0 = Debug|Any CPU
		{D7B1FAF4-008A-4F75-8FB0-948FE4EC3784}.Release|Any CPU.ActiveCfg = Release|Any CPU
		{D7B1FAF4-008A-4F75-8FB0-948FE4EC3784}.Release|Any CPU.Build.0 = Release|Any CPU
		{122D1B0C-72D1-40CC-82AE-642830D29C00}.Debug|Any CPU.ActiveCfg = Debug|Any CPU
		{122D1B0C-72D1-40CC-82AE-642830D29C00}.Debug|Any CPU.Build.0 = Debug|Any CPU
		{122D1B0C-72D1-40CC-82AE-642830D29C00}.Release|Any CPU.ActiveCfg = Release|Any CPU
		{122D1B0C-72D1-40CC-82AE-642830D29C00}.Release|Any CPU.Build.0 = Release|Any CPU
		{031F7CA3-7530-402D-B2A6-5DC54839BD42}.Debug|Any CPU.ActiveCfg = Debug|Any CPU
		{031F7CA3-7530-402D-B2A6-5DC54839BD42}.Debug|Any CPU.Build.0 = Debug|Any CPU
		{031F7CA3-7530-402D-B2A6-5DC54839BD42}.Release|Any CPU.ActiveCfg = Release|Any CPU
		{031F7CA3-7530-402D-B2A6-5DC54839BD42}.Release|Any CPU.Build.0 = Release|Any CPU
		{8643D7A9-5D9B-4F42-82E9-1761BBDF32B9}.Debug|Any CPU.ActiveCfg = Debug|Any CPU
		{8643D7A9-5D9B-4F42-82E9-1761BBDF32B9}.Debug|Any CPU.Build.0 = Debug|Any CPU
		{8643D7A9-5D9B-4F42-82E9-1761BBDF32B9}.Release|Any CPU.ActiveCfg = Release|Any CPU
		{8643D7A9-5D9B-4F42-82E9-1761BBDF32B9}.Release|Any CPU.Build.0 = Release|Any CPU
		{E6F13242-4DF5-45DE-96A9-46CAE16C2D63}.Debug|Any CPU.ActiveCfg = Debug|Any CPU
		{E6F13242-4DF5-45DE-96A9-46CAE16C2D63}.Debug|Any CPU.Build.0 = Debug|Any CPU
		{E6F13242-4DF5-45DE-96A9-46CAE16C2D63}.Release|Any CPU.ActiveCfg = Release|Any CPU
		{E6F13242-4DF5-45DE-96A9-46CAE16C2D63}.Release|Any CPU.Build.0 = Release|Any CPU
	EndGlobalSection
	GlobalSection(SolutionProperties) = preSolution
		HideSolutionNode = FALSE
	EndGlobalSection
	GlobalSection(ExtensibilityGlobals) = postSolution
		SolutionGuid = {E07590AD-1205-46F2-A279-3FB5AC47BD92}
	EndGlobalSection
EndGlobal
